
Microsoft Visual Studio Solution File, Format Version 12.00
# Visual Studio Version 17
VisualStudioVersion = 17.9.34616.47
MinimumVisualStudioVersion = 10.0.40219.1
Project("{FAE04EC0-301F-11D3-BF4B-00C04F79EFBC}") = "CNPJ", "CNPJ\CNPJ.csproj", "{635EB0DF-457A-4A2A-B83B-2C0FF5D6DAD4}"
EndProject
Global
	GlobalSection(SolutionConfigurationPlatforms) = preSolution
		Debug|Any CPU = Debug|Any CPU
		Release|Any CPU = Release|Any CPU
	EndGlobalSection
	GlobalSection(ProjectConfigurationPlatforms) = postSolution
		{635EB0DF-457A-4A2A-B83B-2C0FF5D6DAD4}.Debug|Any CPU.ActiveCfg = Debug|Any CPU
		{635EB0DF-457A-4A2A-B83B-2C0FF5D6DAD4}.Debug|Any CPU.Build.0 = Debug|Any CPU
		{635EB0DF-457A-4A2A-B83B-2C0FF5D6DAD4}.Release|Any CPU.ActiveCfg = Release|Any CPU
		{635EB0DF-457A-4A2A-B83B-2C0FF5D6DAD4}.Release|Any CPU.Build.0 = Release|Any CPU
	EndGlobalSection
	GlobalSection(SolutionProperties) = preSolution
		HideSolutionNode = FALSE
	EndGlobalSection
	GlobalSection(ExtensibilityGlobals) = postSolution
		SolutionGuid = {47578554-832A-4BCB-82A9-4D20AB882D21}
	EndGlobalSection
EndGlobal
